
Microsoft Visual Studio Solution File, Format Version 12.00
# Visual Studio Version 17
VisualStudioVersion = 17.0.31903.59
MinimumVisualStudioVersion = 10.0.40219.1
Project("{FAE04EC0-301F-11D3-BF4B-00C04F79EFBC}") = "StbCommon", "StbCommon\StbCommon.csproj", "{84E24231-FF17-47AD-B1E8-2E73714400C0}"
EndProject
Project("{FAE04EC0-301F-11D3-BF4B-00C04F79EFBC}") = "StbTrueType", "StbTrueType\StbTrueType.csproj", "{EDD0F0A2-089A-46B2-BC4C-86B0E372B077}"
EndProject
Project("{2150E333-8FDC-42A3-9474-1A3956D46DE8}") = "Examples", "Examples", "{35C5903E-44A0-40C2-9758-5688F01E9F30}"
EndProject
Project("{FAE04EC0-301F-11D3-BF4B-00C04F79EFBC}") = "StbTrueType.Examples", "Examples\StbTrueType.Examples\StbTrueType.Examples.csproj", "{59531959-4CF4-4169-80A0-3CD1D5CA89E4}"
EndProject
Project("{FAE04EC0-301F-11D3-BF4B-00C04F79EFBC}") = "StbRectPack", "StbRectPack\StbRectPack.csproj", "{91096008-5D85-4914-9CAD-10E257BA7FFD}"
EndProject
Project("{FAE04EC0-301F-11D3-BF4B-00C04F79EFBC}") = "StbTrueTypeTests", "Tests\StbTrueTypeTests\StbTrueTypeTests.csproj", "{6218ED3C-876A-440B-ABB2-216233866D79}"
EndProject
Project("{FAE04EC0-301F-11D3-BF4B-00C04F79EFBC}") = "StbImage", "StbImage\StbImage.csproj", "{0F7A5C9D-7F99-428F-ACE7-4D947A5DAA76}"
EndProject
Project("{2150E333-8FDC-42A3-9474-1A3956D46DE8}") = "Tests", "Tests", "{8C71419C-CB88-4709-B1F4-9FB4652AAF17}"
EndProject
Project("{FAE04EC0-301F-11D3-BF4B-00C04F79EFBC}") = "StbImageTests", "Tests\StbImageTests\StbImageTests.csproj", "{EB367B2D-1626-45A9-85DD-9621B53C5DFD}"
EndProject
Project("{FAE04EC0-301F-11D3-BF4B-00C04F79EFBC}") = "StbImage.Examples", "Examples\StbImage.Examples\StbImage.Examples.csproj", "{9948F5D8-E804-431C-812A-69591DB4FB42}"
EndProject
Project("{FAE04EC0-301F-11D3-BF4B-00C04F79EFBC}") = "StbImageWrite", "StbImageWrite\StbImageWrite.csproj", "{4B7D8338-323D-49D6-903A-C8A3D633F2A6}"
EndProject
Project("{FAE04EC0-301F-11D3-BF4B-00C04F79EFBC}") = "StbImageWriteTests", "Tests\StbImageWriteTests\StbImageWriteTests.csproj", "{515EDB2D-F30A-4107-9A73-BC151F550872}"
EndProject
Project("{FAE04EC0-301F-11D3-BF4B-00C04F79EFBC}") = "StbImageWrite.Examples", "Examples\StbImageWrite.Examples\StbImageWrite.Examples.csproj", "{CF0365ED-089A-4C34-BB4C-EF4E01124F33}"
EndProject
Global
	GlobalSection(SolutionConfigurationPlatforms) = preSolution
		Debug|Any CPU = Debug|Any CPU
		Release|Any CPU = Release|Any CPU
	EndGlobalSection
	GlobalSection(SolutionProperties) = preSolution
		HideSolutionNode = FALSE
	EndGlobalSection
	GlobalSection(ProjectConfigurationPlatforms) = postSolution
		{84E24231-FF17-47AD-B1E8-2E73714400C0}.Debug|Any CPU.ActiveCfg = Debug|Any CPU
		{84E24231-FF17-47AD-B1E8-2E73714400C0}.Debug|Any CPU.Build.0 = Debug|Any CPU
		{84E24231-FF17-47AD-B1E8-2E73714400C0}.Release|Any CPU.ActiveCfg = Release|Any CPU
		{84E24231-FF17-47AD-B1E8-2E73714400C0}.Release|Any CPU.Build.0 = Release|Any CPU
		{EDD0F0A2-089A-46B2-BC4C-86B0E372B077}.Debug|Any CPU.ActiveCfg = Debug|Any CPU
		{EDD0F0A2-089A-46B2-BC4C-86B0E372B077}.Debug|Any CPU.Build.0 = Debug|Any CPU
		{EDD0F0A2-089A-46B2-BC4C-86B0E372B077}.Release|Any CPU.ActiveCfg = Release|Any CPU
		{EDD0F0A2-089A-46B2-BC4C-86B0E372B077}.Release|Any CPU.Build.0 = Release|Any CPU
		{59531959-4CF4-4169-80A0-3CD1D5CA89E4}.Debug|Any CPU.ActiveCfg = Debug|Any CPU
		{59531959-4CF4-4169-80A0-3CD1D5CA89E4}.Debug|Any CPU.Build.0 = Debug|Any CPU
		{59531959-4CF4-4169-80A0-3CD1D5CA89E4}.Release|Any CPU.ActiveCfg = Release|Any CPU
		{59531959-4CF4-4169-80A0-3CD1D5CA89E4}.Release|Any CPU.Build.0 = Release|Any CPU
		{91096008-5D85-4914-9CAD-10E257BA7FFD}.Debug|Any CPU.ActiveCfg = Debug|Any CPU
		{91096008-5D85-4914-9CAD-10E257BA7FFD}.Debug|Any CPU.Build.0 = Debug|Any CPU
		{91096008-5D85-4914-9CAD-10E257BA7FFD}.Release|Any CPU.ActiveCfg = Release|Any CPU
		{91096008-5D85-4914-9CAD-10E257BA7FFD}.Release|Any CPU.Build.0 = Release|Any CPU
		{6218ED3C-876A-440B-ABB2-216233866D79}.Debug|Any CPU.ActiveCfg = Debug|Any CPU
		{6218ED3C-876A-440B-ABB2-216233866D79}.Debug|Any CPU.Build.0 = Debug|Any CPU
		{6218ED3C-876A-440B-ABB2-216233866D79}.Release|Any CPU.ActiveCfg = Release|Any CPU
		{6218ED3C-876A-440B-ABB2-216233866D79}.Release|Any CPU.Build.0 = Release|Any CPU
		{0F7A5C9D-7F99-428F-ACE7-4D947A5DAA76}.Debug|Any CPU.ActiveCfg = Debug|Any CPU
		{0F7A5C9D-7F99-428F-ACE7-4D947A5DAA76}.Debug|Any CPU.Build.0 = Debug|Any CPU
		{0F7A5C9D-7F99-428F-ACE7-4D947A5DAA76}.Release|Any CPU.ActiveCfg = Release|Any CPU
		{0F7A5C9D-7F99-428F-ACE7-4D947A5DAA76}.Release|Any CPU.Build.0 = Release|Any CPU
		{EB367B2D-1626-45A9-85DD-9621B53C5DFD}.Debug|Any CPU.ActiveCfg = Debug|Any CPU
		{EB367B2D-1626-45A9-85DD-9621B53C5DFD}.Debug|Any CPU.Build.0 = Debug|Any CPU
		{EB367B2D-1626-45A9-85DD-9621B53C5DFD}.Release|Any CPU.ActiveCfg = Release|Any CPU
		{EB367B2D-1626-45A9-85DD-9621B53C5DFD}.Release|Any CPU.Build.0 = Release|Any CPU
		{9948F5D8-E804-431C-812A-69591DB4FB42}.Debug|Any CPU.ActiveCfg = Debug|Any CPU
		{9948F5D8-E804-431C-812A-69591DB4FB42}.Debug|Any CPU.Build.0 = Debug|Any CPU
		{9948F5D8-E804-431C-812A-69591DB4FB42}.Release|Any CPU.ActiveCfg = Release|Any CPU
		{9948F5D8-E804-431C-812A-69591DB4FB42}.Release|Any CPU.Build.0 = Release|Any CPU
		{4B7D8338-323D-49D6-903A-C8A3D633F2A6}.Debug|Any CPU.ActiveCfg = Debug|Any CPU
		{4B7D8338-323D-49D6-903A-C8A3D633F2A6}.Debug|Any CPU.Build.0 = Debug|Any CPU
		{4B7D8338-323D-49D6-903A-C8A3D633F2A6}.Release|Any CPU.ActiveCfg = Release|Any CPU
		{4B7D8338-323D-49D6-903A-C8A3D633F2A6}.Release|Any CPU.Build.0 = Release|Any CPU
		{515EDB2D-F30A-4107-9A73-BC151F550872}.Debug|Any CPU.ActiveCfg = Debug|Any CPU
		{515EDB2D-F30A-4107-9A73-BC151F550872}.Debug|Any CPU.Build.0 = Debug|Any CPU
		{515EDB2D-F30A-4107-9A73-BC151F550872}.Release|Any CPU.ActiveCfg = Release|Any CPU
		{515EDB2D-F30A-4107-9A73-BC151F550872}.Release|Any CPU.Build.0 = Release|Any CPU
		{CF0365ED-089A-4C34-BB4C-EF4E01124F33}.Debug|Any CPU.ActiveCfg = Debug|Any CPU
		{CF0365ED-089A-4C34-BB4C-EF4E01124F33}.Debug|Any CPU.Build.0 = Debug|Any CPU
		{CF0365ED-089A-4C34-BB4C-EF4E01124F33}.Release|Any CPU.ActiveCfg = Release|Any CPU
		{CF0365ED-089A-4C34-BB4C-EF4E01124F33}.Release|Any CPU.Build.0 = Release|Any CPU
	EndGlobalSection
	GlobalSection(NestedProjects) = preSolution
		{59531959-4CF4-4169-80A0-3CD1D5CA89E4} = {35C5903E-44A0-40C2-9758-5688F01E9F30}
		{EB367B2D-1626-45A9-85DD-9621B53C5DFD} = {8C71419C-CB88-4709-B1F4-9FB4652AAF17}
		{9948F5D8-E804-431C-812A-69591DB4FB42} = {35C5903E-44A0-40C2-9758-5688F01E9F30}
		{515EDB2D-F30A-4107-9A73-BC151F550872} = {8C71419C-CB88-4709-B1F4-9FB4652AAF17}
		{CF0365ED-089A-4C34-BB4C-EF4E01124F33} = {35C5903E-44A0-40C2-9758-5688F01E9F30}
	EndGlobalSection
EndGlobal
